# This file is autogenerated, do not edit; changes may be undone by the next 'dep ensure'.


[[projects]]
  digest = "1:56fe43f4dcbc351bfcc762ad6f2f56903df9bab75d55e679c957feb7f4fd7602"
  name = "github.com/aws/aws-lambda-go"
  packages = [
    "events",
    "lambdacontext",
  ]
  pruneopts = "UT"
  revision = "f7dba3f79cca0ce775c07c38db419e0da8d7ca64"
  version = "v1.12.1"

[solve-meta]
  analyzer-name = "dep"
  analyzer-version = 1
  input-imports = [
    "github.com/aws/aws-lambda-go/events",
    "github.com/aws/aws-lambda-go/lambdacontext",
  ]
  solver-name = "gps-cdcl"
  solver-version = 1
